Microsoft Visual Studio Solution File, Format Version 11.00
# Visual Studio 2008

Project("{8E5D9DBC-85B2-F11B-4B8B-ED57CADF53E5}") = "Workshop", "Assembly-CSharp-firstpass.csproj", "{E8C96164-7CCE-2F0C-4712-84131679B9B5}"
EndProject
Project("{8E5D9DBC-85B2-F11B-4B8B-ED57CADF53E5}") = "Workshop", "Assembly-CSharp.csproj", "{7E8729D7-6B97-FBDA-BDAF-735746CA4F42}"
EndProject
Project("{8E5D9DBC-85B2-F11B-4B8B-ED57CADF53E5}") = "Workshop", "Assembly-CSharp-Editor.csproj", "{EBD6763D-E1D2-E673-8E3C-7238FAAC8654}"
EndProject
Global
	GlobalSection(SolutionConfigurationPlatforms) = preSolution
		Debug|Any CPU = Debug|Any CPU
		Release|Any CPU = Release|Any CPU
	EndGlobalSection
	GlobalSection(ProjectConfigurationPlatforms) = postSolution
		{E8C96164-7CCE-2F0C-4712-84131679B9B5}.Debug|Any CPU.ActiveCfg = Debug|Any CPU
		{E8C96164-7CCE-2F0C-4712-84131679B9B5}.Debug|Any CPU.Build.0 = Debug|Any CPU
		{E8C96164-7CCE-2F0C-4712-84131679B9B5}.Release|Any CPU.ActiveCfg = Release|Any CPU
		{E8C96164-7CCE-2F0C-4712-84131679B9B5}.Release|Any CPU.Build.0 = Release|Any CPU
		{7E8729D7-6B97-FBDA-BDAF-735746CA4F42}.Debug|Any CPU.ActiveCfg = Debug|Any CPU
		{7E8729D7-6B97-FBDA-BDAF-735746CA4F42}.Debug|Any CPU.Build.0 = Debug|Any CPU
		{7E8729D7-6B97-FBDA-BDAF-735746CA4F42}.Release|Any CPU.ActiveCfg = Release|Any CPU
		{7E8729D7-6B97-FBDA-BDAF-735746CA4F42}.Release|Any CPU.Build.0 = Release|Any CPU
		{EBD6763D-E1D2-E673-8E3C-7238FAAC8654}.Debug|Any CPU.ActiveCfg = Debug|Any CPU
		{EBD6763D-E1D2-E673-8E3C-7238FAAC8654}.Debug|Any CPU.Build.0 = Debug|Any CPU
		{EBD6763D-E1D2-E673-8E3C-7238FAAC8654}.Release|Any CPU.ActiveCfg = Release|Any CPU
		{EBD6763D-E1D2-E673-8E3C-7238FAAC8654}.Release|Any CPU.Build.0 = Release|Any CPU
	EndGlobalSection
	GlobalSection(SolutionProperties) = preSolution
		HideSolutionNode = FALSE
	EndGlobalSection
		GlobalSection(MonoDevelopProperties) = preSolution
		StartupItem = Assembly-CSharp.csproj
		Policies = $0
		$0.TextStylePolicy = $1
		$1.inheritsSet = null
		$1.scope = text/x-csharp
		$0.CSharpFormattingPolicy = $2
		$2.inheritsSet = Mono
		$2.inheritsScope = text/x-csharp
		$2.scope = text/x-csharp
		$0.TextStylePolicy = $3
		$3.FileWidth = 120
		$3.TabWidth = 4
		$3.IndentWidth = 4
		$3.EolMarker = Unix
		$3.inheritsSet = Mono
		$3.inheritsScope = text/plain
		$3.scope = text/plain
	EndGlobalSection

EndGlobal
